// !$*UTF8*$!
{
	archiveVersion = 1;
	classes = {
	};
	objectVersion = 56;
	objects = {

/* Begin PBXBuildFile section */
		3801F7F82B569BEC00AE52FF /* ImageGallaryApp.swift in Sources */ = {isa = PBXBuildFile; fileRef = 3801F7F72B569BEC00AE52FF /* ImageGallaryApp.swift */; };
		3801F7FA2B569BEC00AE52FF /* ContentView.swift in Sources */ = {isa = PBXBuildFile; fileRef = 3801F7F92B569BEC00AE52FF /* ContentView.swift */; };
		3801F7FC2B569BEE00AE52FF /* Assets.xcassets in Resources */ = {isa = PBXBuildFile; fileRef = 3801F7FB2B569BEE00AE52FF /* Assets.xcassets */; };
		3801F7FF2B569BEE00AE52FF /* Preview Assets.xcassets in Resources */ = {isa = PBXBuildFile; fileRef = 3801F7FE2B569BEE00AE52FF /* Preview Assets.xcassets */; };
		3801F8092B569BEE00AE52FF /* ImageGallaryTests.swift in Sources */ = {isa = PBXBuildFile; fileRef = 3801F8082B569BEE00AE52FF /* ImageGallaryTests.swift */; };
		3801F8132B569BEE00AE52FF /* ImageGallaryUITests.swift in Sources */ = {isa = PBXBuildFile; fileRef = 3801F8122B569BEE00AE52FF /* ImageGallaryUITests.swift */; };
		3801F8152B569BEE00AE52FF /* ImageGallaryUITestsLaunchTests.swift in Sources */ = {isa = PBXBuildFile; fileRef = 3801F8142B569BEE00AE52FF /* ImageGallaryUITestsLaunchTests.swift */; };
		3801F8242B569CBB00AE52FF /* Item.swift in Sources */ = {isa = PBXBuildFile; fileRef = 3801F8232B569CBB00AE52FF /* Item.swift */; };
/* End PBXBuildFile section */

/* Begin PBXContainerItemProxy section */
		3801F8052B569BEE00AE52FF /* PBXContainerItemProxy */ = {
			isa = PBXContainerItemProxy;
			containerPortal = 3801F7EC2B569BEC00AE52FF /* Project object */;
			proxyType = 1;
			remoteGlobalIDString = 3801F7F32B569BEC00AE52FF;
			remoteInfo = ImageGallary;
		};
		3801F80F2B569BEE00AE52FF /* PBXContainerItemProxy */ = {
			isa = PBXContainerItemProxy;
			containerPortal = 3801F7EC2B569BEC00AE52FF /* Project object */;
			proxyType = 1;
			remoteGlobalIDString = 3801F7F32B569BEC00AE52FF;
			remoteInfo = ImageGallary;
		};
/* End PBXContainerItemProxy section */

/* Begin PBXFileReference section */
		3801F7F42B569BEC00AE52FF /* ImageGallary.app */ = {isa = PBXFileReference; explicitFileType = wrapper.application; includeInIndex = 0; path = ImageGallary.app; sourceTree = BUILT_PRODUCTS_DIR; };
		3801F7F72B569BEC00AE52FF /* ImageGallaryApp.swift */ = {isa = PBXFileReference; lastKnownFileType = sourcecode.swift; path = ImageGallaryApp.swift; sourceTree = "<group>"; };
		3801F7F92B569BEC00AE52FF /* ContentView.swift */ = {isa = PBXFileReference; lastKnownFileType = sourcecode.swift; path = ContentView.swift; sourceTree = "<group>"; };
		3801F7FB2B569BEE00AE52FF /* Assets.xcassets */ = {isa = PBXFileReference; lastKnownFileType = folder.assetcatalog; path = Assets.xcassets; sourceTree = "<group>"; };
		3801F7FE2B569BEE00AE52FF /* Preview Assets.xcassets */ = {isa = PBXFileReference; lastKnownFileType = folder.assetcatalog; path = "Preview Assets.xcassets"; sourceTree = "<group>"; };
		3801F8042B569BEE00AE52FF /* ImageGallaryTests.xctest */ = {isa = PBXFileReference; explicitFileType = wrapper.cfbundle; includeInIndex = 0; path = ImageGallaryTests.xctest; sourceTree = BUILT_PRODUCTS_DIR; };
		3801F8082B569BEE00AE52FF /* ImageGallaryTests.swift */ = {isa = PBXFileReference; lastKnownFileType = sourcecode.swift; path = ImageGallaryTests.swift; sourceTree = "<group>"; };
		3801F80E2B569BEE00AE52FF /* ImageGallaryUITests.xctest */ = {isa = PBXFileReference; explicitFileType = wrapper.cfbundle; includeInIndex = 0; path = ImageGallaryUITests.xctest; sourceTree = BUILT_PRODUCTS_DIR; };
		3801F8122B569BEE00AE52FF /* ImageGallaryUITests.swift */ = {isa = PBXFileReference; lastKnownFileType = sourcecode.swift; path = ImageGallaryUITests.swift; sourceTree = "<group>"; };
		3801F8142B569BEE00AE52FF /* ImageGallaryUITestsLaunchTests.swift */ = {isa = PBXFileReference; lastKnownFileType = sourcecode.swift; path = ImageGallaryUITestsLaunchTests.swift; sourceTree = "<group>"; };
		3801F8232B569CBB00AE52FF /* Item.swift */ = {isa = PBXFileReference; lastKnownFileType = sourcecode.swift; path = Item.swift; sourceTree = "<group>"; };
/* End PBXFileReference section */

/* Begin PBXFrameworksBuildPhase section */
		3801F7F12B569BEC00AE52FF /* Frameworks */ = {
			isa = PBXFrameworksBuildPhase;
			buildActionMask = 2147483647;
			files = (
			);
			runOnlyForDeploymentPostprocessing = 0;
		};
		3801F8012B569BEE00AE52FF /* Frameworks */ = {
			isa = PBXFrameworksBuildPhase;
			buildActionMask = 2147483647;
			files = (
			);
			runOnlyForDeploymentPostprocessing = 0;
		};
		3801F80B2B569BEE00AE52FF /* Frameworks */ = {
			isa = PBXFrameworksBuildPhase;
			buildActionMask = 2147483647;
			files = (
			);
			runOnlyForDeploymentPostprocessing = 0;
		};
/* End PBXFrameworksBuildPhase section */

/* Begin PBXGroup section */
		3801F7EB2B569BEC00AE52FF = {
			isa = PBXGroup;
			children = (
				3801F7F62B569BEC00AE52FF /* ImageGallary */,
				3801F8072B569BEE00AE52FF /* ImageGallaryTests */,
				3801F8112B569BEE00AE52FF /* ImageGallaryUITests */,
				3801F7F52B569BEC00AE52FF /* Products */,
			);
			sourceTree = "<group>";
		};
		3801F7F52B569BEC00AE52FF /* Products */ = {
			isa = PBXGroup;
			children = (
				3801F7F42B569BEC00AE52FF /* ImageGallary.app */,
				3801F8042B569BEE00AE52FF /* ImageGallaryTests.xctest */,
				3801F80E2B569BEE00AE52FF /* ImageGallaryUITests.xctest */,
			);
			name = Products;
			sourceTree = "<group>";
		};
		3801F7F62B569BEC00AE52FF /* ImageGallary */ = {
			isa = PBXGroup;
			children = (
				3801F7F72B569BEC00AE52FF /* ImageGallaryApp.swift */,
				3801F8232B569CBB00AE52FF /* Item.swift */,
				3801F7F92B569BEC00AE52FF /* ContentView.swift */,
				3801F7FB2B569BEE00AE52FF /* Assets.xcassets */,
				3801F7FD2B569BEE00AE52FF /* Preview Content */,
			);
			path = ImageGallary;
			sourceTree = "<group>";
		};
		3801F7FD2B569BEE00AE52FF /* Preview Content */ = {
			isa = PBXGroup;
			children = (
				3801F7FE2B569BEE00AE52FF /* Preview Assets.xcassets */,
			);
			path = "Preview Content";
			sourceTree = "<group>";
		};
		3801F8072B569BEE00AE52FF /* ImageGallaryTests */ = {
			isa = PBXGroup;
			children = (
				3801F8082B569BEE00AE52FF /* ImageGallaryTests.swift */,
			);
			path = ImageGallaryTests;
			sourceTree = "<group>";
		};
		3801F8112B569BEE00AE52FF /* ImageGallaryUITests */ = {
			isa = PBXGroup;
			children = (
				3801F8122B569BEE00AE52FF /* ImageGallaryUITests.swift */,
				3801F8142B569BEE00AE52FF /* ImageGallaryUITestsLaunchTests.swift */,
			);
			path = ImageGallaryUITests;
			sourceTree = "<group>";
		};
/* End PBXGroup section */

/* Begin PBXNativeTarget section */
		3801F7F32B569BEC00AE52FF /* ImageGallary */ = {
			isa = PBXNativeTarget;
			buildConfigurationList = 3801F8182B569BEE00AE52FF /* Build configuration list for PBXNativeTarget "ImageGallary" */;
			buildPhases = (
				3801F7F02B569BEC00AE52FF /* Sources */,
				3801F7F12B569BEC00AE52FF /* Frameworks */,
				3801F7F22B569BEC00AE52FF /* Resources */,
			);
			buildRules = (
			);
			dependencies = (
			);
			name = ImageGallary;
			productName = ImageGallary;
			productReference = 3801F7F42B569BEC00AE52FF /* ImageGallary.app */;
			productType = "com.apple.product-type.application";
		};
		3801F8032B569BEE00AE52FF /* ImageGallaryTests */ = {
			isa = PBXNativeTarget;
			buildConfigurationList = 3801F81B2B569BEE00AE52FF /* Build configuration list for PBXNativeTarget "ImageGallaryTests" */;
			buildPhases = (
				3801F8002B569BEE00AE52FF /* Sources */,
				3801F8012B569BEE00AE52FF /* Frameworks */,
				3801F8022B569BEE00AE52FF /* Resources */,
			);
			buildRules = (
			);
			dependencies = (
				3801F8062B569BEE00AE52FF /* PBXTargetDependency */,
			);
			name = ImageGallaryTests;
			productName = ImageGallaryTests;
			productReference = 3801F8042B569BEE00AE52FF /* ImageGallaryTests.xctest */;
			productType = "com.apple.product-type.bundle.unit-test";
		};
		3801F80D2B569BEE00AE52FF /* ImageGallaryUITests */ = {
			isa = PBXNativeTarget;
			buildConfigurationList = 3801F81E2B569BEE00AE52FF /* Build configuration list for PBXNativeTarget "ImageGallaryUITests" */;
			buildPhases = (
				3801F80A2B569BEE00AE52FF /* Sources */,
				3801F80B2B569BEE00AE52FF /* Frameworks */,
				3801F80C2B569BEE00AE52FF /* Resources */,
			);
			buildRules = (
			);
			dependencies = (
				3801F8102B569BEE00AE52FF /* PBXTargetDependency */,
			);
			name = ImageGallaryUITests;
			productName = ImageGallaryUITests;
			productReference = 3801F80E2B569BEE00AE52FF /* ImageGallaryUITests.xctest */;
			productType = "com.apple.product-type.bundle.ui-testing";
		};
/* End PBXNativeTarget section */

/* Begin PBXProject section */
		3801F7EC2B569BEC00AE52FF /* Project object */ = {
			isa = PBXProject;
			attributes = {
				BuildIndependentTargetsInParallel = 1;
				LastSwiftUpdateCheck = 1500;
				LastUpgradeCheck = 1500;
				TargetAttributes = {
					3801F7F32B569BEC00AE52FF = {
						CreatedOnToolsVersion = 15.0;
					};
					3801F8032B569BEE00AE52FF = {
						CreatedOnToolsVersion = 15.0;
						TestTargetID = 3801F7F32B569BEC00AE52FF;
					};
					3801F80D2B569BEE00AE52FF = {
						CreatedOnToolsVersion = 15.0;
						TestTargetID = 3801F7F32B569BEC00AE52FF;
					};
				};
			};
			buildConfigurationList = 3801F7EF2B569BEC00AE52FF /* Build configuration list for PBXProject "ImageGallary" */;
			compatibilityVersion = "Xcode 14.0";
			developmentRegion = en;
			hasScannedForEncodings = 0;
			knownRegions = (
				en,
				Base,
			);
			mainGroup = 3801F7EB2B569BEC00AE52FF;
			productRefGroup = 3801F7F52B569BEC00AE52FF /* Products */;
			projectDirPath = "";
			projectRoot = "";
			targets = (
				3801F7F32B569BEC00AE52FF /* ImageGallary */,
				3801F8032B569BEE00AE52FF /* ImageGallaryTests */,
				3801F80D2B569BEE00AE52FF /* ImageGallaryUITests */,
			);
		};
/* End PBXProject section */

/* Begin PBXResourcesBuildPhase section */
		3801F7F22B569BEC00AE52FF /* Resources */ = {
			isa = PBXResourcesBuildPhase;
			buildActionMask = 2147483647;
			files = (
				3801F7FF2B569BEE00AE52FF /* Preview Assets.xcassets in Resources */,
				3801F7FC2B569BEE00AE52FF /* Assets.xcassets in Resources */,
			);
			runOnlyForDeploymentPostprocessing = 0;
		};
		3801F8022B569BEE00AE52FF /* Resources */ = {
			isa = PBXResourcesBuildPhase;
			buildActionMask = 2147483647;
			files = (
			);
			runOnlyForDeploymentPostprocessing = 0;
		};
		3801F80C2B569BEE00AE52FF /* Resources */ = {
			isa = PBXResourcesBuildPhase;
			buildActionMask = 2147483647;
			files = (
			);
			runOnlyForDeploymentPostprocessing = 0;
		};
/* End PBXResourcesBuildPhase section */

/* Begin PBXSourcesBuildPhase section */
		3801F7F02B569BEC00AE52FF /* Sources */ = {
			isa = PBXSourcesBuildPhase;
			buildActionMask = 2147483647;
			files = (
				3801F7FA2B569BEC00AE52FF /* ContentView.swift in Sources */,
				3801F8242B569CBB00AE52FF /* Item.swift in Sources */,
				3801F7F82B569BEC00AE52FF /* ImageGallaryApp.swift in Sources */,
			);
			runOnlyForDeploymentPostprocessing = 0;
		};
		3801F8002B569BEE00AE52FF /* Sources */ = {
			isa = PBXSourcesBuildPhase;
			buildActionMask = 2147483647;
			files = (
				3801F8092B569BEE00AE52FF /* ImageGallaryTests.swift in Sources */,
			);
			runOnlyForDeploymentPostprocessing = 0;
		};
		3801F80A2B569BEE00AE52FF /* Sources */ = {
			isa = PBXSourcesBuildPhase;
			buildActionMask = 2147483647;
			files = (
				3801F8132B569BEE00AE52FF /* ImageGallaryUITests.swift in Sources */,
				3801F8152B569BEE00AE52FF /* ImageGallaryUITestsLaunchTests.swift in Sources */,
			);
			runOnlyForDeploymentPostprocessing = 0;
		};
/* End PBXSourcesBuildPhase section */

/* Begin PBXTargetDependency section */
		3801F8062B569BEE00AE52FF /* PBXTargetDependency */ = {
			isa = PBXTargetDependency;
			target = 3801F7F32B569BEC00AE52FF /* ImageGallary */;
			targetProxy = 3801F8052B569BEE00AE52FF /* PBXContainerItemProxy */;
		};
		3801F8102B569BEE00AE52FF /* PBXTargetDependency */ = {
			isa = PBXTargetDependency;
			target = 3801F7F32B569BEC00AE52FF /* ImageGallary */;
			targetProxy = 3801F80F2B569BEE00AE52FF /* PBXContainerItemProxy */;
		};
/* End PBXTargetDependency section */

/* Begin XCBuildConfiguration section */
		3801F8162B569BEE00AE52FF /* Debug */ = {
			isa = XCBuildConfiguration;
			buildSettings = {
				ALWAYS_SEARCH_USER_PATHS = NO;
				ASSETCATALOG_COMPILER_GENERATE_SWIFT_ASSET_SYMBOL_EXTENSIONS = YES;
				CLANG_ANALYZER_NONNULL = YES;
				CLANG_ANALYZER_NUMBER_OBJECT_CONVERSION = YES_AGGRESSIVE;
				CLANG_CXX_LANGUAGE_STANDARD = "gnu++20";
				CLANG_ENABLE_MODULES = YES;
				CLANG_ENABLE_OBJC_ARC = YES;
				CLANG_ENABLE_OBJC_WEAK = YES;
				CLANG_WARN_BLOCK_CAPTURE_AUTORELEASING = YES;
				CLANG_WARN_BOOL_CONVERSION = YES;
				CLANG_WARN_COMMA = YES;
				CLANG_WARN_CONSTANT_CONVERSION = YES;
				CLANG_WARN_DEPRECATED_OBJC_IMPLEMENTATIONS = YES;
				CLANG_WARN_DIRECT_OBJC_ISA_USAGE = YES_ERROR;
				CLANG_WARN_DOCUMENTATION_COMMENTS = YES;
				CLANG_WARN_EMPTY_BODY = YES;
				CLANG_WARN_ENUM_CONVERSION = YES;
				CLANG_WARN_INFINITE_RECURSION = YES;
				CLANG_WARN_INT_CONVERSION = YES;
				CLANG_WARN_NON_LITERAL_NULL_CONVERSION = YES;
				CLANG_WARN_OBJC_IMPLICIT_RETAIN_SELF = YES;
				CLANG_WARN_OBJC_LITERAL_CONVERSION = YES;
				CLANG_WARN_OBJC_ROOT_CLASS = YES_ERROR;
				CLANG_WARN_QUOTED_INCLUDE_IN_FRAMEWORK_HEADER = YES;
				CLANG_WARN_RANGE_LOOP_ANALYSIS = YES;
				CLANG_WARN_STRICT_PROTOTYPES = YES;
				CLANG_WARN_SUSPICIOUS_MOVE = YES;
				CLANG_WARN_UNGUARDED_AVAILABILITY = YES_AGGRESSIVE;
				CLANG_WARN_UNREACHABLE_CODE = YES;
				CLANG_WARN__DUPLICATE_METHOD_MATCH = YES;
				COPY_PHASE_STRIP = NO;
				DEBUG_INFORMATION_FORMAT = dwarf;
				ENABLE_STRICT_OBJC_MSGSEND = YES;
				ENABLE_TESTABILITY = YES;
				ENABLE_USER_SCRIPT_SANDBOXING = YES;
				GCC_C_LANGUAGE_STANDARD = gnu17;
				GCC_DYNAMIC_NO_PIC = NO;
				GCC_NO_COMMON_BLOCKS = YES;
				GCC_OPTIMIZATION_LEVEL = 0;
				GCC_PREPROCESSOR_DEFINITIONS = (
					"DEBUG=1",
					"$(inherited)",
				);
				GCC_WARN_64_TO_32_BIT_CONVERSION = YES;
				GCC_WARN_ABOUT_RETURN_TYPE = YES_ERROR;
				GCC_WARN_UNDECLARED_SELECTOR = YES;
				GCC_WARN_UNINITIALIZED_AUTOS = YES_AGGRESSIVE;
				GCC_WARN_UNUSED_FUNCTION = YES;
				GCC_WARN_UNUSED_VARIABLE = YES;
				IPHONEOS_DEPLOYMENT_TARGET = 17.0;
				LOCALIZATION_PREFERS_STRING_CATALOGS = YES;
				MTL_ENABLE_DEBUG_INFO = INCLUDE_SOURCE;
				MTL_FAST_MATH = YES;
				ONLY_ACTIVE_ARCH = YES;
				SDKROOT = iphoneos;
				SWIFT_ACTIVE_COMPILATION_CONDITIONS = "DEBUG $(inherited)";
				SWIFT_OPTIMIZATION_LEVEL = "-Onone";
			};
			name = Debug;
		};
		3801F8172B569BEE00AE52FF /* Release */ = {
			isa = XCBuildConfiguration;
			buildSettings = {
				ALWAYS_SEARCH_USER_PATHS = NO;
				ASSETCATALOG_COMPILER_GENERATE_SWIFT_ASSET_SYMBOL_EXTENSIONS = YES;
				CLANG_ANALYZER_NONNULL = YES;
				CLANG_ANALYZER_NUMBER_OBJECT_CONVERSION = YES_AGGRESSIVE;
				CLANG_CXX_LANGUAGE_STANDARD = "gnu++20";
				CLANG_ENABLE_MODULES = YES;
				CLANG_ENABLE_OBJC_ARC = YES;
				CLANG_ENABLE_OBJC_WEAK = YES;
				CLANG_WARN_BLOCK_CAPTURE_AUTORELEASING = YES;
				CLANG_WARN_BOOL_CONVERSION = YES;
				CLANG_WARN_COMMA = YES;
				CLANG_WARN_CONSTANT_CONVERSION = YES;
				CLANG_WARN_DEPRECATED_OBJC_IMPLEMENTATIONS = YES;
				CLANG_WARN_DIRECT_OBJC_ISA_USAGE = YES_ERROR;
				CLANG_WARN_DOCUMENTATION_COMMENTS = YES;
				CLANG_WARN_EMPTY_BODY = YES;
				CLANG_WARN_ENUM_CONVERSION = YES;
				CLANG_WARN_INFINITE_RECURSION = YES;
				CLANG_WARN_INT_CONVERSION = YES;
				CLANG_WARN_NON_LITERAL_NULL_CONVERSION = YES;
				CLANG_WARN_OBJC_IMPLICIT_RETAIN_SELF = YES;
				CLANG_WARN_OBJC_LITERAL_CONVERSION = YES;
				CLANG_WARN_OBJC_ROOT_CLASS = YES_ERROR;
				CLANG_WARN_QUOTED_INCLUDE_IN_FRAMEWORK_HEADER = YES;
				CLANG_WARN_RANGE_LOOP_ANALYSIS = YES;
				CLANG_WARN_STRICT_PROTOTYPES = YES;
				CLANG_WARN_SUSPICIOUS_MOVE = YES;
				CLANG_WARN_UNGUARDED_AVAILABILITY = YES_AGGRESSIVE;
				CLANG_WARN_UNREACHABLE_CODE = YES;
				CLANG_WARN__DUPLICATE_METHOD_MATCH = YES;
				COPY_PHASE_STRIP = NO;
				DEBUG_INFORMATION_FORMAT = "dwarf-with-dsym";
				ENABLE_NS_ASSERTIONS = NO;
				ENABLE_STRICT_OBJC_MSGSEND = YES;
				ENABLE_USER_SCRIPT_SANDBOXING = YES;
				GCC_C_LANGUAGE_STANDARD = gnu17;
				GCC_NO_COMMON_BLOCKS = YES;
				GCC_WARN_64_TO_32_BIT_CONVERSION = YES;
				GCC_WARN_ABOUT_RETURN_TYPE = YES_ERROR;
				GCC_WARN_UNDECLARED_SELECTOR = YES;
				GCC_WARN_UNINITIALIZED_AUTOS = YES_AGGRESSIVE;
				GCC_WARN_UNUSED_FUNCTION = YES;
				GCC_WARN_UNUSED_VARIABLE = YES;
				IPHONEOS_DEPLOYMENT_TARGET = 17.0;
				LOCALIZATION_PREFERS_STRING_CATALOGS = YES;
				MTL_ENABLE_DEBUG_INFO = NO;
				MTL_FAST_MATH = YES;
				SDKROOT = iphoneos;
				SWIFT_COMPILATION_MODE = wholemodule;
				VALIDATE_PRODUCT = YES;
			};
			name = Release;
		};
		3801F8192B569BEE00AE52FF /* Debug */ = {
			isa = XCBuildConfiguration;
			buildSettings = {
				ASSETCATALOG_COMPILER_APPICON_NAME = AppIcon;
				ASSETCATALOG_COMPILER_GLOBAL_ACCENT_COLOR_NAME = AccentColor;
				CODE_SIGN_STYLE = Automatic;
				CURRENT_PROJECT_VERSION = 1;
				DEVELOPMENT_ASSET_PATHS = "\"ImageGallary/Preview Content\"";
				ENABLE_PREVIEWS = YES;
				GENERATE_INFOPLIST_FILE = YES;
				INFOPLIST_KEY_UIApplicationSceneManifest_Generation = YES;
				INFOPLIST_KEY_UIApplicationSupportsIndirectInputEvents = YES;
				INFOPLIST_KEY_UILaunchScreen_Generation = YES;
				INFOPLIST_KEY_UISupportedInterfaceOrientations_iPad = "UIInterfaceOrientationPortrait UIInterfaceOrientationPortraitUpsideDown UIInterfaceOrientationLandscapeLeft UIInterfaceOrientationLandscapeRight";
				INFOPLIST_KEY_UISupportedInterfaceOrientations_iPhone = "UIInterfaceOrientationPortrait UIInterfaceOrientationLandscapeLeft UIInterfaceOrientationLandscapeRight";
				LD_RUNPATH_SEARCH_PATHS = (
					"$(inherited)",
					"@executable_path/Frameworks",
				);
				MARKETING_VERSION = 1.0;
				PRODUCT_BUNDLE_IDENTIFIER = menura.ImageGallary;
				PRODUCT_NAME = "$(TARGET_NAME)";
				SWIFT_EMIT_LOC_STRINGS = YES;
				SWIFT_VERSION = 5.0;
				TARGETED_DEVICE_FAMILY = "1,2";
			};
			name = Debug;
		};
		3801F81A2B569BEE00AE52FF /* Release */ = {
			isa = XCBuildConfiguration;
			buildSettings = {
				ASSETCATALOG_COMPILER_APPICON_NAME = AppIcon;
				ASSETCATALOG_COMPILER_GLOBAL_ACCENT_COLOR_NAME = AccentColor;
				CODE_SIGN_STYLE = Automatic;
				CURRENT_PROJECT_VERSION = 1;
				DEVELOPMENT_ASSET_PATHS = "\"ImageGallary/Preview Content\"";
				ENABLE_PREVIEWS = YES;
				GENERATE_INFOPLIST_FILE = YES;
				INFOPLIST_KEY_UIApplicationSceneManifest_Generation = YES;
				INFOPLIST_KEY_UIApplicationSupportsIndirectInputEvents = YES;
				INFOPLIST_KEY_UILaunchScreen_Generation = YES;
				INFOPLIST_KEY_UISupportedInterfaceOrientations_iPad = "UIInterfaceOrientationPortrait UIInterfaceOrientationPortraitUpsideDown UIInterfaceOrientationLandscapeLeft UIInterfaceOrientationLandscapeRight";
				INFOPLIST_KEY_UISupportedInterfaceOrientations_iPhone = "UIInterfaceOrientationPortrait UIInterfaceOrientationLandscapeLeft UIInterfaceOrientationLandscapeRight";
				LD_RUNPATH_SEARCH_PATHS = (
					"$(inherited)",
					"@executable_path/Frameworks",
				);
				MARKETING_VERSION = 1.0;
				PRODUCT_BUNDLE_IDENTIFIER = menura.ImageGallary;
				PRODUCT_NAME = "$(TARGET_NAME)";
				SWIFT_EMIT_LOC_STRINGS = YES;
				SWIFT_VERSION = 5.0;
				TARGETED_DEVICE_FAMILY = "1,2";
			};
			name = Release;
		};
		3801F81C2B569BEE00AE52FF /* Debug */ = {
			isa = XCBuildConfiguration;
			buildSettings = {
				ALWAYS_EMBED_SWIFT_STANDARD_LIBRARIES = YES;
				BUNDLE_LOADER = "$(TEST_HOST)";
				CODE_SIGN_STYLE = Automatic;
				CURRENT_PROJECT_VERSION = 1;
				GENERATE_INFOPLIST_FILE = YES;
				IPHONEOS_DEPLOYMENT_TARGET = 17.0;
				MARKETING_VERSION = 1.0;
				PRODUCT_BUNDLE_IDENTIFIER = menura.ImageGallaryTests;
				PRODUCT_NAME = "$(TARGET_NAME)";
				SWIFT_EMIT_LOC_STRINGS = NO;
				SWIFT_VERSION = 5.0;
				TARGETED_DEVICE_FAMILY = "1,2";
				TEST_HOST = "$(BUILT_PRODUCTS_DIR)/ImageGallary.app/$(BUNDLE_EXECUTABLE_FOLDER_PATH)/ImageGallary";
			};
			name = Debug;
		};
		3801F81D2B569BEE00AE52FF /* Release */ = {
			isa = XCBuildConfiguration;
			buildSettings = {
				ALWAYS_EMBED_SWIFT_STANDARD_LIBRARIES = YES;
				BUNDLE_LOADER = "$(TEST_HOST)";
				CODE_SIGN_STYLE = Automatic;
				CURRENT_PROJECT_VERSION = 1;
				GENERATE_INFOPLIST_FILE = YES;
				IPHONEOS_DEPLOYMENT_TARGET = 17.0;
				MARKETING_VERSION = 1.0;
				PRODUCT_BUNDLE_IDENTIFIER = menura.ImageGallaryTests;
				PRODUCT_NAME = "$(TARGET_NAME)";
				SWIFT_EMIT_LOC_STRINGS = NO;
				SWIFT_VERSION = 5.0;
				TARGETED_DEVICE_FAMILY = "1,2";
				TEST_HOST = "$(BUILT_PRODUCTS_DIR)/ImageGallary.app/$(BUNDLE_EXECUTABLE_FOLDER_PATH)/ImageGallary";
			};
			name = Release;
		};
		3801F81F2B569BEE00AE52FF /* Debug */ = {
			isa = XCBuildConfiguration;
			buildSettings = {
				ALWAYS_EMBED_SWIFT_STANDARD_LIBRARIES = YES;
				CODE_SIGN_STYLE = Automatic;
				CURRENT_PROJECT_VERSION = 1;
				GENERATE_INFOPLIST_FILE = YES;
				MARKETING_VERSION = 1.0;
				PRODUCT_BUNDLE_IDENTIFIER = menura.ImageGallaryUITests;
				PRODUCT_NAME = "$(TARGET_NAME)";
				SWIFT_EMIT_LOC_STRINGS = NO;
				SWIFT_VERSION = 5.0;
				TARGETED_DEVICE_FAMILY = "1,2";
				TEST_TARGET_NAME = ImageGallary;
			};
			name = Debug;
		};
		3801F8202B569BEE00AE52FF /* Release */ = {
			isa = XCBuildConfiguration;
			buildSettings = {
				ALWAYS_EMBED_SWIFT_STANDARD_LIBRARIES = YES;
				CODE_SIGN_STYLE = Automatic;
				CURRENT_PROJECT_VERSION = 1;
				GENERATE_INFOPLIST_FILE = YES;
				MARKETING_VERSION = 1.0;
				PRODUCT_BUNDLE_IDENTIFIER = menura.ImageGallaryUITests;
				PRODUCT_NAME = "$(TARGET_NAME)";
				SWIFT_EMIT_LOC_STRINGS = NO;
				SWIFT_VERSION = 5.0;
				TARGETED_DEVICE_FAMILY = "1,2";
				TEST_TARGET_NAME = ImageGallary;
			};
			name = Release;
		};
/* End XCBuildConfiguration section */

/* Begin XCConfigurationList section */
		3801F7EF2B569BEC00AE52FF /* Build configuration list for PBXProject "ImageGallary" */ = {
			isa = XCConfigurationList;
			buildConfigurations = (
				3801F8162B569BEE00AE52FF /* Debug */,
				3801F8172B569BEE00AE52FF /* Release */,
			);
			defaultConfigurationIsVisible = 0;
			defaultConfigurationName = Release;
		};
		3801F8182B569BEE00AE52FF /* Build configuration list for PBXNativeTarget "ImageGallary" */ = {
			isa = XCConfigurationList;
			buildConfigurations = (
				3801F8192B569BEE00AE52FF /* Debug */,
				3801F81A2B569BEE00AE52FF /* Release */,
			);
			defaultConfigurationIsVisible = 0;
			defaultConfigurationName = Release;
		};
		3801F81B2B569BEE00AE52FF /* Build configuration list for PBXNativeTarget "ImageGallaryTests" */ = {
			isa = XCConfigurationList;
			buildConfigurations = (
				3801F81C2B569BEE00AE52FF /* Debug */,
				3801F81D2B569BEE00AE52FF /* Release */,
			);
			defaultConfigurationIsVisible = 0;
			defaultConfigurationName = Release;
		};
		3801F81E2B569BEE00AE52FF /* Build configuration list for PBXNativeTarget "ImageGallaryUITests" */ = {
			isa = XCConfigurationList;
			buildConfigurations = (
				3801F81F2B569BEE00AE52FF /* Debug */,
				3801F8202B569BEE00AE52FF /* Release */,
			);
			defaultConfigurationIsVisible = 0;
			defaultConfigurationName = Release;
		};
/* End XCConfigurationList section */
	};
	rootObject = 3801F7EC2B569BEC00AE52FF /* Project object */;
}
